github.com/fernandezvara/hugodoks v0.1.0 h1:TbbAik7i8MKzlIqhMnPjKGeeH+QOLGTGRuqtLDJyWNs=
github.com/fernandezvara/hugodoks v0.1.0/go.mod h1:EYI6LmS9XwF6gr5D35tfUXz3MLoGrJy4gszhKYymBzw=
github.com/fernandezvara/hugodoks v0.1.1 h1:8ZTfw4Cv7lhe4DtP2lJXiFRDLmJ+XQUWOuJrCW3p2AM=
github.com/fernandezvara/hugodoks v0.1.1/go.mod h1:EYI6LmS9XwF6gr5D35tfUXz3MLoGrJy4gszhKYymBzw=
github.com/fernandezvara/hugodoks v0.2.0 h1:8vKODFt4xTM1tRznTLavQbLqgKuWX5xGX3c7tLfc9M0=
github.com/fernandezvara/hugodoks v0.2.0/go.mod h1:EYI6LmS9XwF6gr5D35tfUXz3MLoGrJy4gszhKYymBzw=
github.com/fernandezvara/hugodoks v0.2.1 h1:G6VkvLbqTIsItHSlWphLeGwhdTejGDcWHlvDzbzBSSY=
github.com/fernandezvara/hugodoks v0.2.1/go.mod h1:EYI6LmS9XwF6gr5D35tfUXz3MLoGrJy4gszhKYymBzw=
